
Microsoft Visual Studio Solution File, Format Version 12.00
# Visual Studio Version 17
VisualStudioVersion = 17.14.36408.4 d17.14
MinimumVisualStudioVersion = 10.0.40219.1
Project("{FAE04EC0-301F-11D3-BF4B-00C04F79EFBC}") = "MiniMart", "MiniMart\MiniMart.csproj", "{29172474-EEC2-41D4-A522-A872194B1CDA}"
EndProject
Global
	GlobalSection(SolutionConfigurationPlatforms) = preSolution
		Debug|Any CPU = Debug|Any CPU
		Release|Any CPU = Release|Any CPU
	EndGlobalSection
	GlobalSection(ProjectConfigurationPlatforms) = postSolution
		{29172474-EEC2-41D4-A522-A872194B1CDA}.Debug|Any CPU.ActiveCfg = Debug|Any CPU
		{29172474-EEC2-41D4-A522-A872194B1CDA}.Debug|Any CPU.Build.0 = Debug|Any CPU
		{29172474-EEC2-41D4-A522-A872194B1CDA}.Release|Any CPU.ActiveCfg = Release|Any CPU
		{29172474-EEC2-41D4-A522-A872194B1CDA}.Release|Any CPU.Build.0 = Release|Any CPU
	EndGlobalSection
	GlobalSection(SolutionProperties) = preSolution
		HideSolutionNode = FALSE
	EndGlobalSection
	GlobalSection(ExtensibilityGlobals) = postSolution
		SolutionGuid = {3312BA50-9F73-435D-AA11-0023E9B4A3FA}
	EndGlobalSection
EndGlobal
